
Microsoft Visual Studio Solution File, Format Version 12.00
# Visual Studio 15
VisualStudioVersion = 15.0.28307.168
MinimumVisualStudioVersion = 10.0.40219.1
Project("{FAE04EC0-301F-11D3-BF4B-00C04F79EFBC}") = "AuthService", "AuthService\AuthService.csproj", "{12D8FFF3-01CC-4647-892D-907BEC2CA8C3}"
EndProject
Global
	GlobalSection(SolutionConfigurationPlatforms) = preSolution
		Debug|Any CPU = Debug|Any CPU
		Release|Any CPU = Release|Any CPU
	EndGlobalSection
	GlobalSection(ProjectConfigurationPlatforms) = postSolution
		{12D8FFF3-01CC-4647-892D-907BEC2CA8C3}.Debug|Any CPU.ActiveCfg = Debug|Any CPU
		{12D8FFF3-01CC-4647-892D-907BEC2CA8C3}.Debug|Any CPU.Build.0 = Debug|Any CPU
		{12D8FFF3-01CC-4647-892D-907BEC2CA8C3}.Release|Any CPU.ActiveCfg = Release|Any CPU
		{12D8FFF3-01CC-4647-892D-907BEC2CA8C3}.Release|Any CPU.Build.0 = Release|Any CPU
	EndGlobalSection
	GlobalSection(SolutionProperties) = preSolution
		HideSolutionNode = FALSE
	EndGlobalSection
	GlobalSection(ExtensibilityGlobals) = postSolution
		SolutionGuid = {BDE5CF58-743A-4871-B0D8-206CFA80997C}
	EndGlobalSection
EndGlobal
